
Microsoft Visual Studio Solution File, Format Version 12.00
# Visual Studio 15
VisualStudioVersion = 15.0.28010.0
MinimumVisualStudioVersion = 10.0.40219.1
Project("{FAE04EC0-301F-11D3-BF4B-00C04F79EFBC}") = "Hotel-Management-System", "Hotel-Management-System\Hotel-Management-System.csproj", "{B477CEEC-54E0-4F42-908A-82C7EF462953}"
EndProject
Global
	GlobalSection(SolutionConfigurationPlatforms) = preSolution
		Debug|Any CPU = Debug|Any CPU
		Release|Any CPU = Release|Any CPU
	EndGlobalSection
	GlobalSection(ProjectConfigurationPlatforms) = postSolution
		{B477CEEC-54E0-4F42-908A-82C7EF462953}.Debug|Any CPU.ActiveCfg = Debug|Any CPU
		{B477CEEC-54E0-4F42-908A-82C7EF462953}.Debug|Any CPU.Build.0 = Debug|Any CPU
		{B477CEEC-54E0-4F42-908A-82C7EF462953}.Release|Any CPU.ActiveCfg = Release|Any CPU
		{B477CEEC-54E0-4F42-908A-82C7EF462953}.Release|Any CPU.Build.0 = Release|Any CPU
	EndGlobalSection
	GlobalSection(SolutionProperties) = preSolution
		HideSolutionNode = FALSE
	EndGlobalSection
	GlobalSection(ExtensibilityGlobals) = postSolution
		SolutionGuid = {E22827E2-E51A-417C-848D-7C2F23EE19A2}
	EndGlobalSection
EndGlobal
