
Microsoft Visual Studio Solution File, Format Version 12.00
# Visual Studio 15
VisualStudioVersion = 15.0.27703.2042
MinimumVisualStudioVersion = 10.0.40219.1
Project("{FAE04EC0-301F-11D3-BF4B-00C04F79EFBC}") = "多功能集成", "多功能集成.csproj", "{EADC7E1F-7304-4755-95EF-EB16516902B4}"
EndProject
Global
	GlobalSection(SolutionConfigurationPlatforms) = preSolution
		Debug|Any CPU = Debug|Any CPU
		Release|Any CPU = Release|Any CPU
	EndGlobalSection
	GlobalSection(ProjectConfigurationPlatforms) = postSolution
		{EADC7E1F-7304-4755-95EF-EB16516902B4}.Debug|Any CPU.ActiveCfg = Debug|Any CPU
		{EADC7E1F-7304-4755-95EF-EB16516902B4}.Debug|Any CPU.Build.0 = Debug|Any CPU
		{EADC7E1F-7304-4755-95EF-EB16516902B4}.Release|Any CPU.ActiveCfg = Release|Any CPU
		{EADC7E1F-7304-4755-95EF-EB16516902B4}.Release|Any CPU.Build.0 = Release|Any CPU
	EndGlobalSection
	GlobalSection(SolutionProperties) = preSolution
		HideSolutionNode = FALSE
	EndGlobalSection
	GlobalSection(ExtensibilityGlobals) = postSolution
		SolutionGuid = {6DD0DB93-AD93-499D-B022-99DD8FE670F4}
	EndGlobalSection
EndGlobal
