
Microsoft Visual Studio Solution File, Format Version 12.00
# Visual Studio 15
VisualStudioVersion = 15.0.27703.2042
MinimumVisualStudioVersion = 10.0.40219.1
Project("{FAE04EC0-301F-11D3-BF4B-00C04F79EFBC}") = "简易信息录入系统", "简易信息录入系统.csproj", "{2952A1A5-74BF-49D5-AB50-20ABFD032791}"
EndProject
Global
	GlobalSection(SolutionConfigurationPlatforms) = preSolution
		Debug|Any CPU = Debug|Any CPU
		Release|Any CPU = Release|Any CPU
	EndGlobalSection
	GlobalSection(ProjectConfigurationPlatforms) = postSolution
		{2952A1A5-74BF-49D5-AB50-20ABFD032791}.Debug|Any CPU.ActiveCfg = Debug|Any CPU
		{2952A1A5-74BF-49D5-AB50-20ABFD032791}.Debug|Any CPU.Build.0 = Debug|Any CPU
		{2952A1A5-74BF-49D5-AB50-20ABFD032791}.Release|Any CPU.ActiveCfg = Release|Any CPU
		{2952A1A5-74BF-49D5-AB50-20ABFD032791}.Release|Any CPU.Build.0 = Release|Any CPU
	EndGlobalSection
	GlobalSection(SolutionProperties) = preSolution
		HideSolutionNode = FALSE
	EndGlobalSection
	GlobalSection(ExtensibilityGlobals) = postSolution
		SolutionGuid = {74ECB53C-B4CD-4FCB-84D5-A3E352A2F0F4}
	EndGlobalSection
EndGlobal
